
Microsoft Visual Studio Solution File, Format Version 12.00
# Visual Studio 2015
Project("{FAE04EC0-301F-11D3-BF4B-00C04F79EFBC}") = "isg_viveTutorial_s17.CSharp", "isg_viveTutorial_s17.CSharp.csproj", "{58C4F509-DAE8-BC8A-ACE2-99EF6FA62784}"
EndProject
Project("{FAE04EC0-301F-11D3-BF4B-00C04F79EFBC}") = "isg_viveTutorial_s17.CSharp.Editor", "isg_viveTutorial_s17.CSharp.Editor.csproj", "{1AB61093-83E7-4D1C-77BE-26E4EF204E97}"
EndProject
Global
	GlobalSection(SolutionConfigurationPlatforms) = preSolution
		Debug|Any CPU = Debug|Any CPU
		Release|Any CPU = Release|Any CPU
	EndGlobalSection
	GlobalSection(ProjectConfigurationPlatforms) = postSolution
		{58C4F509-DAE8-BC8A-ACE2-99EF6FA62784}.Debug|Any CPU.ActiveCfg = Debug|Any CPU
		{58C4F509-DAE8-BC8A-ACE2-99EF6FA62784}.Debug|Any CPU.Build.0 = Debug|Any CPU
		{58C4F509-DAE8-BC8A-ACE2-99EF6FA62784}.Release|Any CPU.ActiveCfg = Release|Any CPU
		{58C4F509-DAE8-BC8A-ACE2-99EF6FA62784}.Release|Any CPU.Build.0 = Release|Any CPU
		{1AB61093-83E7-4D1C-77BE-26E4EF204E97}.Debug|Any CPU.ActiveCfg = Debug|Any CPU
		{1AB61093-83E7-4D1C-77BE-26E4EF204E97}.Debug|Any CPU.Build.0 = Debug|Any CPU
		{1AB61093-83E7-4D1C-77BE-26E4EF204E97}.Release|Any CPU.ActiveCfg = Release|Any CPU
		{1AB61093-83E7-4D1C-77BE-26E4EF204E97}.Release|Any CPU.Build.0 = Release|Any CPU
	EndGlobalSection
	GlobalSection(SolutionProperties) = preSolution
		HideSolutionNode = FALSE
	EndGlobalSection
EndGlobal
